
Microsoft Visual Studio Solution File, Format Version 12.00
# Visual Studio Version 16
VisualStudioVersion = 16.0.32901.82
MinimumVisualStudioVersion = 10.0.40219.1
Project("{FAE04EC0-301F-11D3-BF4B-00C04F79EFBC}") = "email_spammer", "email_spammer\email_spammer.csproj", "{A653A570-CF62-4982-BF55-9CE680F51B0D}"
EndProject
Global
	GlobalSection(SolutionConfigurationPlatforms) = preSolution
		Debug|Any CPU = Debug|Any CPU
		Release|Any CPU = Release|Any CPU
	EndGlobalSection
	GlobalSection(ProjectConfigurationPlatforms) = postSolution
		{A653A570-CF62-4982-BF55-9CE680F51B0D}.Debug|Any CPU.ActiveCfg = Debug|Any CPU
		{A653A570-CF62-4982-BF55-9CE680F51B0D}.Debug|Any CPU.Build.0 = Debug|Any CPU
		{A653A570-CF62-4982-BF55-9CE680F51B0D}.Release|Any CPU.ActiveCfg = Release|Any CPU
		{A653A570-CF62-4982-BF55-9CE680F51B0D}.Release|Any CPU.Build.0 = Release|Any CPU
	EndGlobalSection
	GlobalSection(SolutionProperties) = preSolution
		HideSolutionNode = FALSE
	EndGlobalSection
	GlobalSection(ExtensibilityGlobals) = postSolution
		SolutionGuid = {42444679-7170-4A10-AAA3-A18A76973056}
	EndGlobalSection
EndGlobal
